
Microsoft Visual Studio Solution File, Format Version 12.00
# Visual Studio Version 17
VisualStudioVersion = 17.6.33723.286
MinimumVisualStudioVersion = 10.0.40219.1
Project("{2150E333-8FDC-42A3-9474-1A3956D46DE8}") = "Solution Items", "Solution Items", "{39172BF2-C5E4-4985-BFAB-1B5EF63E8BD6}"
	ProjectSection(SolutionItems) = preProject
		.editorconfig = .editorconfig
		CHANGELOG.md = CHANGELOG.md
		CODE_OF_CONDUCT.md = CODE_OF_CONDUCT.md
		CONTRIBUTING.md = CONTRIBUTING.md
		LICENSE = LICENSE
		README.md = README.md
		THIRD_PARTY_NOTICES.md = THIRD_PARTY_NOTICES.md
	EndProjectSection
EndProject
Project("{9A19103F-16F7-4668-BE54-9A1E7A4F7556}") = "NewRelic.LogEnrichers.Serilog", "src\NewRelic.LogEnrichers.Serilog\NewRelic.LogEnrichers.Serilog.csproj", "{1E6F4432-D90A-4E5B-B668-4F966CDDD584}"
EndProject
Project("{9A19103F-16F7-4668-BE54-9A1E7A4F7556}") = "NewRelic.LogEnrichers.Serilog.Tests", "tests\NewRelic.LogEnrichers.Serilog.Tests\NewRelic.LogEnrichers.Serilog.Tests.csproj", "{34C14AEC-2456-4234-8FAD-6044B6196812}"
EndProject
Project("{9A19103F-16F7-4668-BE54-9A1E7A4F7556}") = "NewRelic.LogEnrichers.Serilog.Examples", "examples\NewRelic.LogEnrichers.Serilog.Examples\NewRelic.LogEnrichers.Serilog.Examples.csproj", "{D6B2A9C4-7D80-44FC-BDE6-4F175B4477BC}"
EndProject
Project("{2150E333-8FDC-42A3-9474-1A3956D46DE8}") = "Serilog", "Serilog", "{66661FF9-086D-4218-9FE4-7F07589E442A}"
	ProjectSection(SolutionItems) = preProject
		src\NewRelic.LogEnrichers.Serilog\ArchitectureDiagram.svg = src\NewRelic.LogEnrichers.Serilog\ArchitectureDiagram.svg
		src\NewRelic.LogEnrichers.Serilog\README.md = src\NewRelic.LogEnrichers.Serilog\README.md
	EndProjectSection
EndProject
Project("{2150E333-8FDC-42A3-9474-1A3956D46DE8}") = "NLog", "NLog", "{76184F97-72D2-46AA-9838-D2DBB7714E19}"
EndProject
Project("{9A19103F-16F7-4668-BE54-9A1E7A4F7556}") = "NewRelic.LogEnrichers.NLog", "src\NewRelic.LogEnrichers.NLog\NewRelic.LogEnrichers.NLog.csproj", "{4AEC595A-A6EB-414C-A0AA-00F66DFB8630}"
EndProject
Project("{9A19103F-16F7-4668-BE54-9A1E7A4F7556}") = "NewRelic.LogEnrichers.NLog.Tests", "tests\NewRelic.LogEnrichers.NLog.Tests\NewRelic.LogEnrichers.NLog.Tests.csproj", "{1FF12FD5-7282-4CB0-A8D8-D213A05658B1}"
EndProject
Project("{9A19103F-16F7-4668-BE54-9A1E7A4F7556}") = "NewRelic.LogEnrichers.NLog.Examples", "examples\NewRelic.LogEnrichers.NLog.Examples\NewRelic.LogEnrichers.NLog.Examples.csproj", "{078EB9EE-92DF-4989-9E6D-679A25C918AF}"
EndProject
Project("{2150E333-8FDC-42A3-9474-1A3956D46DE8}") = "Log4Net", "Log4Net", "{37DA3549-BF6F-4035-B250-49456744C94B}"
EndProject
Project("{9A19103F-16F7-4668-BE54-9A1E7A4F7556}") = "NewRelic.LogEnrichers.Log4Net", "src\NewRelic.LogEnrichers.Log4Net\NewRelic.LogEnrichers.Log4Net.csproj", "{F5D96450-8D7C-40BD-87FC-382A1430983F}"
EndProject
Project("{9A19103F-16F7-4668-BE54-9A1E7A4F7556}") = "NewRelic.LogEnrichers.Log4Net.Tests", "tests\NewRelic.LogEnrichers.Log4Net.Tests\NewRelic.LogEnrichers.Log4Net.Tests.csproj", "{08D5269D-E907-4BB9-BE53-17181E3D78F4}"
EndProject
Project("{9A19103F-16F7-4668-BE54-9A1E7A4F7556}") = "NewRelic.LogEnrichers.Log4Net.Examples", "examples\NewRelic.LogEnrichers.Log4Net.Examples\NewRelic.LogEnrichers.Log4Net.Examples.csproj", "{CAEBE8D8-BABC-4BF8-8528-DDC393C1F9B0}"
EndProject
Project("{2150E333-8FDC-42A3-9474-1A3956D46DE8}") = "build", "build", "{404DA576-B103-4102-949B-A562FE4DEED7}"
	ProjectSection(SolutionItems) = preProject
		build\Common.nonprod.props = build\Common.nonprod.props
		build\Common.prod.props = build\Common.prod.props
		build\Common.props = build\Common.props
		build\Common.ruleset = build\Common.ruleset
		build\newrelic-icon.png = build\newrelic-icon.png
		build\NewRelic.LogEnrichers.StrongNameKey.snk = build\NewRelic.LogEnrichers.StrongNameKey.snk
		build\stylecop.json = build\stylecop.json
		build\StyleCop.props = build\StyleCop.props
		build\Versioning.targets = build\Versioning.targets
	EndProjectSection
EndProject
Global
	GlobalSection(SolutionConfigurationPlatforms) = preSolution
		Debug|Any CPU = Debug|Any CPU
		Release|Any CPU = Release|Any CPU
	EndGlobalSection
	GlobalSection(ProjectConfigurationPlatforms) = postSolution
		{1E6F4432-D90A-4E5B-B668-4F966CDDD584}.Debug|Any CPU.ActiveCfg = Debug|Any CPU
		{1E6F4432-D90A-4E5B-B668-4F966CDDD584}.Debug|Any CPU.Build.0 = Debug|Any CPU
		{1E6F4432-D90A-4E5B-B668-4F966CDDD584}.Release|Any CPU.ActiveCfg = Release|Any CPU
		{1E6F4432-D90A-4E5B-B668-4F966CDDD584}.Release|Any CPU.Build.0 = Release|Any CPU
		{34C14AEC-2456-4234-8FAD-6044B6196812}.Debug|Any CPU.ActiveCfg = Debug|Any CPU
		{34C14AEC-2456-4234-8FAD-6044B6196812}.Debug|Any CPU.Build.0 = Debug|Any CPU
		{34C14AEC-2456-4234-8FAD-6044B6196812}.Release|Any CPU.ActiveCfg = Release|Any CPU
		{34C14AEC-2456-4234-8FAD-6044B6196812}.Release|Any CPU.Build.0 = Release|Any CPU
		{D6B2A9C4-7D80-44FC-BDE6-4F175B4477BC}.Debug|Any CPU.ActiveCfg = Debug|Any CPU
		{D6B2A9C4-7D80-44FC-BDE6-4F175B4477BC}.Debug|Any CPU.Build.0 = Debug|Any CPU
		{D6B2A9C4-7D80-44FC-BDE6-4F175B4477BC}.Release|Any CPU.ActiveCfg = Release|Any CPU
		{D6B2A9C4-7D80-44FC-BDE6-4F175B4477BC}.Release|Any CPU.Build.0 = Release|Any CPU
		{4AEC595A-A6EB-414C-A0AA-00F66DFB8630}.Debug|Any CPU.ActiveCfg = Debug|Any CPU
		{4AEC595A-A6EB-414C-A0AA-00F66DFB8630}.Debug|Any CPU.Build.0 = Debug|Any CPU
		{4AEC595A-A6EB-414C-A0AA-00F66DFB8630}.Release|Any CPU.ActiveCfg = Release|Any CPU
		{4AEC595A-A6EB-414C-A0AA-00F66DFB8630}.Release|Any CPU.Build.0 = Release|Any CPU
		{1FF12FD5-7282-4CB0-A8D8-D213A05658B1}.Debug|Any CPU.ActiveCfg = Debug|Any CPU
		{1FF12FD5-7282-4CB0-A8D8-D213A05658B1}.Debug|Any CPU.Build.0 = Debug|Any CPU
		{1FF12FD5-7282-4CB0-A8D8-D213A05658B1}.Release|Any CPU.ActiveCfg = Release|Any CPU
		{1FF12FD5-7282-4CB0-A8D8-D213A05658B1}.Release|Any CPU.Build.0 = Release|Any CPU
		{078EB9EE-92DF-4989-9E6D-679A25C918AF}.Debug|Any CPU.ActiveCfg = Debug|Any CPU
		{078EB9EE-92DF-4989-9E6D-679A25C918AF}.Debug|Any CPU.Build.0 = Debug|Any CPU
		{078EB9EE-92DF-4989-9E6D-679A25C918AF}.Release|Any CPU.ActiveCfg = Release|Any CPU
		{078EB9EE-92DF-4989-9E6D-679A25C918AF}.Release|Any CPU.Build.0 = Release|Any CPU
		{F5D96450-8D7C-40BD-87FC-382A1430983F}.Debug|Any CPU.ActiveCfg = Debug|Any CPU
		{F5D96450-8D7C-40BD-87FC-382A1430983F}.Debug|Any CPU.Build.0 = Debug|Any CPU
		{F5D96450-8D7C-40BD-87FC-382A1430983F}.Release|Any CPU.ActiveCfg = Release|Any CPU
		{F5D96450-8D7C-40BD-87FC-382A1430983F}.Release|Any CPU.Build.0 = Release|Any CPU
		{08D5269D-E907-4BB9-BE53-17181E3D78F4}.Debug|Any CPU.ActiveCfg = Debug|Any CPU
		{08D5269D-E907-4BB9-BE53-17181E3D78F4}.Debug|Any CPU.Build.0 = Debug|Any CPU
		{08D5269D-E907-4BB9-BE53-17181E3D78F4}.Release|Any CPU.ActiveCfg = Release|Any CPU
		{08D5269D-E907-4BB9-BE53-17181E3D78F4}.Release|Any CPU.Build.0 = Release|Any CPU
		{CAEBE8D8-BABC-4BF8-8528-DDC393C1F9B0}.Debug|Any CPU.ActiveCfg = Debug|Any CPU
		{CAEBE8D8-BABC-4BF8-8528-DDC393C1F9B0}.Debug|Any CPU.Build.0 = Debug|Any CPU
		{CAEBE8D8-BABC-4BF8-8528-DDC393C1F9B0}.Release|Any CPU.ActiveCfg = Release|Any CPU
		{CAEBE8D8-BABC-4BF8-8528-DDC393C1F9B0}.Release|Any CPU.Build.0 = Release|Any CPU
	EndGlobalSection
	GlobalSection(SolutionProperties) = preSolution
		HideSolutionNode = FALSE
	EndGlobalSection
	GlobalSection(NestedProjects) = preSolution
		{1E6F4432-D90A-4E5B-B668-4F966CDDD584} = {66661FF9-086D-4218-9FE4-7F07589E442A}
		{34C14AEC-2456-4234-8FAD-6044B6196812} = {66661FF9-086D-4218-9FE4-7F07589E442A}
		{D6B2A9C4-7D80-44FC-BDE6-4F175B4477BC} = {66661FF9-086D-4218-9FE4-7F07589E442A}
		{4AEC595A-A6EB-414C-A0AA-00F66DFB8630} = {76184F97-72D2-46AA-9838-D2DBB7714E19}
		{1FF12FD5-7282-4CB0-A8D8-D213A05658B1} = {76184F97-72D2-46AA-9838-D2DBB7714E19}
		{078EB9EE-92DF-4989-9E6D-679A25C918AF} = {76184F97-72D2-46AA-9838-D2DBB7714E19}
		{F5D96450-8D7C-40BD-87FC-382A1430983F} = {37DA3549-BF6F-4035-B250-49456744C94B}
		{08D5269D-E907-4BB9-BE53-17181E3D78F4} = {37DA3549-BF6F-4035-B250-49456744C94B}
		{CAEBE8D8-BABC-4BF8-8528-DDC393C1F9B0} = {37DA3549-BF6F-4035-B250-49456744C94B}
	EndGlobalSection
	GlobalSection(ExtensibilityGlobals) = postSolution
		SolutionGuid = {4C9155C8-199D-48A5-BB57-38EB738FA89D}
	EndGlobalSection
EndGlobal
