
Microsoft Visual Studio Solution File, Format Version 12.00
# Visual Studio Version 16
VisualStudioVersion = 16.0.29411.108
MinimumVisualStudioVersion = 10.0.40219.1
Project("{2150E333-8FDC-42A3-9474-1A3956D46DE8}") = "Solution Items", "Solution Items", "{39172BF2-C5E4-4985-BFAB-1B5EF63E8BD6}"
	ProjectSection(SolutionItems) = preProject
		.editorconfig = .editorconfig
		azure-pipelines.yml = azure-pipelines.yml
		CODE_OF_CONDUCT.md = CODE_OF_CONDUCT.md
		CONTRIBUTING.md = CONTRIBUTING.md
		LICENSE = LICENSE
		NewRelic.Logging.StrongNameKey.snk = NewRelic.Logging.StrongNameKey.snk
		README.md = README.md
		THIRD_PARTY_NOTICES.md = THIRD_PARTY_NOTICES.md
	EndProjectSection
EndProject
Project("{9A19103F-16F7-4668-BE54-9A1E7A4F7556}") = "NewRelic.Logging.Serilog", "src\Serilog\NewRelic.Logging.Serilog\NewRelic.Logging.Serilog.csproj", "{1E6F4432-D90A-4E5B-B668-4F966CDDD584}"
EndProject
Project("{9A19103F-16F7-4668-BE54-9A1E7A4F7556}") = "NewRelic.Logging.Serilog.Tests", "src\Serilog\NewRelic.Logging.Serilog.Tests\NewRelic.Logging.Serilog.Tests.csproj", "{34C14AEC-2456-4234-8FAD-6044B6196812}"
EndProject
Project("{9A19103F-16F7-4668-BE54-9A1E7A4F7556}") = "NewRelic.Logging.Serilog.Examples", "examples\NewRelic.Logging.Serilog.Examples\NewRelic.Logging.Serilog.Examples.csproj", "{D6B2A9C4-7D80-44FC-BDE6-4F175B4477BC}"
EndProject
Project("{2150E333-8FDC-42A3-9474-1A3956D46DE8}") = "Shared", "Shared", "{076719D4-E458-473C-B79A-276A420C839A}"
	ProjectSection(SolutionItems) = preProject
		src\shared\DateTimeExtensions.cs = src\shared\DateTimeExtensions.cs
		src\shared\LoggingExtensions.cs = src\shared\LoggingExtensions.cs
	EndProjectSection
EndProject
Project("{2150E333-8FDC-42A3-9474-1A3956D46DE8}") = "Serilog", "Serilog", "{66661FF9-086D-4218-9FE4-7F07589E442A}"
	ProjectSection(SolutionItems) = preProject
		src\Serilog\ArchitectureDiagram.svg = src\Serilog\ArchitectureDiagram.svg
		src\Serilog\README.md = src\Serilog\README.md
	EndProjectSection
EndProject
Global
	GlobalSection(SolutionConfigurationPlatforms) = preSolution
		Debug|Any CPU = Debug|Any CPU
		Release|Any CPU = Release|Any CPU
	EndGlobalSection
	GlobalSection(ProjectConfigurationPlatforms) = postSolution
		{1E6F4432-D90A-4E5B-B668-4F966CDDD584}.Debug|Any CPU.ActiveCfg = Debug|Any CPU
		{1E6F4432-D90A-4E5B-B668-4F966CDDD584}.Debug|Any CPU.Build.0 = Debug|Any CPU
		{1E6F4432-D90A-4E5B-B668-4F966CDDD584}.Release|Any CPU.ActiveCfg = Release|Any CPU
		{1E6F4432-D90A-4E5B-B668-4F966CDDD584}.Release|Any CPU.Build.0 = Release|Any CPU
		{34C14AEC-2456-4234-8FAD-6044B6196812}.Debug|Any CPU.ActiveCfg = Debug|Any CPU
		{34C14AEC-2456-4234-8FAD-6044B6196812}.Debug|Any CPU.Build.0 = Debug|Any CPU
		{34C14AEC-2456-4234-8FAD-6044B6196812}.Release|Any CPU.ActiveCfg = Release|Any CPU
		{34C14AEC-2456-4234-8FAD-6044B6196812}.Release|Any CPU.Build.0 = Release|Any CPU
		{D6B2A9C4-7D80-44FC-BDE6-4F175B4477BC}.Debug|Any CPU.ActiveCfg = Debug|Any CPU
		{D6B2A9C4-7D80-44FC-BDE6-4F175B4477BC}.Debug|Any CPU.Build.0 = Debug|Any CPU
		{D6B2A9C4-7D80-44FC-BDE6-4F175B4477BC}.Release|Any CPU.ActiveCfg = Release|Any CPU
		{D6B2A9C4-7D80-44FC-BDE6-4F175B4477BC}.Release|Any CPU.Build.0 = Release|Any CPU
	EndGlobalSection
	GlobalSection(SolutionProperties) = preSolution
		HideSolutionNode = FALSE
	EndGlobalSection
	GlobalSection(NestedProjects) = preSolution
		{1E6F4432-D90A-4E5B-B668-4F966CDDD584} = {66661FF9-086D-4218-9FE4-7F07589E442A}
		{34C14AEC-2456-4234-8FAD-6044B6196812} = {66661FF9-086D-4218-9FE4-7F07589E442A}
		{D6B2A9C4-7D80-44FC-BDE6-4F175B4477BC} = {66661FF9-086D-4218-9FE4-7F07589E442A}
	EndGlobalSection
	GlobalSection(ExtensibilityGlobals) = postSolution
		SolutionGuid = {4C9155C8-199D-48A5-BB57-38EB738FA89D}
	EndGlobalSection
EndGlobal
